
Microsoft Visual Studio Solution File, Format Version 12.00
# Visual Studio Version 17
VisualStudioVersion = 17.13.36105.23 d17.13
MinimumVisualStudioVersion = 10.0.40219.1
Project("{FAE04EC0-301F-11D3-BF4B-00C04F79EFBC}") = "AudioPin", "AudioPin.csproj", "{9033F357-B286-43D1-B1E5-A868D268CA59}"
EndProject
Global
	GlobalSection(SolutionConfigurationPlatforms) = preSolution
		Debug|Any CPU = Debug|Any CPU
		Release|Any CPU = Release|Any CPU
	EndGlobalSection
	GlobalSection(ProjectConfigurationPlatforms) = postSolution
		{9033F357-B286-43D1-B1E5-A868D268CA59}.Debug|Any CPU.ActiveCfg = Debug|Any CPU
		{9033F357-B286-43D1-B1E5-A868D268CA59}.Debug|Any CPU.Build.0 = Debug|Any CPU
		{9033F357-B286-43D1-B1E5-A868D268CA59}.Release|Any CPU.ActiveCfg = Release|Any CPU
		{9033F357-B286-43D1-B1E5-A868D268CA59}.Release|Any CPU.Build.0 = Release|Any CPU
	EndGlobalSection
	GlobalSection(SolutionProperties) = preSolution
		HideSolutionNode = FALSE
	EndGlobalSection
	GlobalSection(ExtensibilityGlobals) = postSolution
		SolutionGuid = {C00EAD91-561F-460E-9B7A-85B62972D3EA}
	EndGlobalSection
EndGlobal
